// !$*UTF8*$!
{
	archiveVersion = 1;
	classes = {
	};
	objectVersion = 46;
	objects = {

/* Begin PBXBuildFile section */
		04019CE31D536E0800DAD42F /* base.cpp in Sources */ = {isa = PBXBuildFile; fileRef = 04019CE01D536E0800DAD42F /* base.cpp */; };
		04019CE41D536E0800DAD42F /* base.hpp in Headers */ = {isa = PBXBuildFile; fileRef = 04019CE11D536E0800DAD42F /* base.hpp */; };
		04019CE51D536E0800DAD42F /* ServerPriv.hpp in Headers */ = {isa = PBXBuildFile; fileRef = 04019CE21D536E0800DAD42F /* ServerPriv.hpp */; };
		04019CE81D536F0500DAD42F /* Base64.cpp in Sources */ = {isa = PBXBuildFile; fileRef = 04019CE61D536F0500DAD42F /* Base64.cpp */; };
		04019CE91D536F0500DAD42F /* Base64.h in Headers */ = {isa = PBXBuildFile; fileRef = 04019CE71D536F0500DAD42F /* Base64.h */; };
/* End PBXBuildFile section */

/* Begin PBXFileReference section */
		04019CC71D536C6B00DAD42F /* libbase.a */ = {isa = PBXFileReference; explicitFileType = archive.ar; includeInIndex = 0; path = libbase.a; sourceTree = BUILT_PRODUCTS_DIR; };
		04019CE01D536E0800DAD42F /* base.cpp */ = {isa = PBXFileReference; fileEncoding = 4; lastKnownFileType = sourcecode.cpp.cpp; name = base.cpp; path = base/base.cpp; sourceTree = SOURCE_ROOT; };
		04019CE11D536E0800DAD42F /* base.hpp */ = {isa = PBXFileReference; fileEncoding = 4; lastKnownFileType = sourcecode.cpp.h; name = base.hpp; path = base/base.hpp; sourceTree = SOURCE_ROOT; };
		04019CE21D536E0800DAD42F /* ServerPriv.hpp */ = {isa = PBXFileReference; fileEncoding = 4; lastKnownFileType = sourcecode.cpp.h; name = ServerPriv.hpp; path = base/ServerPriv.hpp; sourceTree = SOURCE_ROOT; };
		04019CE61D536F0500DAD42F /* Base64.cpp */ = {isa = PBXFileReference; fileEncoding = 4; lastKnownFileType = sourcecode.cpp.cpp; name = Base64.cpp; path = base/Base64.cpp; sourceTree = SOURCE_ROOT; };
		04019CE71D536F0500DAD42F /* Base64.h */ = {isa = PBXFileReference; fileEncoding = 4; lastKnownFileType = sourcecode.c.h; name = Base64.h; path = base/Base64.h; sourceTree = SOURCE_ROOT; };
/* End PBXFileReference section */

/* Begin PBXFrameworksBuildPhase section */
		04019CC41D536C6B00DAD42F /* Frameworks */ = {
			isa = PBXFrameworksBuildPhase;
			buildActionMask = 2147483647;
			files = (
			);
			runOnlyForDeploymentPostprocessing = 0;
		};
/* End PBXFrameworksBuildPhase section */

/* Begin PBXGroup section */
		04019CBE1D536C6B00DAD42F = {
			isa = PBXGroup;
			children = (
				04019CC91D536C6B00DAD42F /* base */,
				04019CC81D536C6B00DAD42F /* Products */,
			);
			sourceTree = "<group>";
		};
		04019CC81D536C6B00DAD42F /* Products */ = {
			isa = PBXGroup;
			children = (
				04019CC71D536C6B00DAD42F /* libbase.a */,
			);
			name = Products;
			sourceTree = "<group>";
		};
		04019CC91D536C6B00DAD42F /* base */ = {
			isa = PBXGroup;
			children = (
				04019CE01D536E0800DAD42F /* base.cpp */,
				04019CE11D536E0800DAD42F /* base.hpp */,
				04019CE21D536E0800DAD42F /* ServerPriv.hpp */,
				04019CE61D536F0500DAD42F /* Base64.cpp */,
				04019CE71D536F0500DAD42F /* Base64.h */,
			);
			name = base;
			path = Server;
			sourceTree = "<group>";
		};
/* End PBXGroup section */

/* Begin PBXHeadersBuildPhase section */
		04019CC51D536C6B00DAD42F /* Headers */ = {
			isa = PBXHeadersBuildPhase;
			buildActionMask = 2147483647;
			files = (
				04019CE51D536E0800DAD42F /* ServerPriv.hpp in Headers */,
				04019CE91D536F0500DAD42F /* Base64.h in Headers */,
				04019CE41D536E0800DAD42F /* base.hpp in Headers */,
			);
			runOnlyForDeploymentPostprocessing = 0;
		};
/* End PBXHeadersBuildPhase section */

/* Begin PBXNativeTarget section */
		04019CC61D536C6B00DAD42F /* base */ = {
			isa = PBXNativeTarget;
			buildConfigurationList = 04019CD21D536C6B00DAD42F /* Build configuration list for PBXNativeTarget "base" */;
			buildPhases = (
				04019CC31D536C6B00DAD42F /* Sources */,
				04019CC41D536C6B00DAD42F /* Frameworks */,
				04019CC51D536C6B00DAD42F /* Headers */,
			);
			buildRules = (
			);
			dependencies = (
			);
			name = base;
			productName = Server;
			productReference = 04019CC71D536C6B00DAD42F /* libbase.a */;
			productType = "com.apple.product-type.library.static";
		};
/* End PBXNativeTarget section */

/* Begin PBXProject section */
		04019CBF1D536C6B00DAD42F /* Project object */ = {
			isa = PBXProject;
			attributes = {
				LastUpgradeCheck = 0730;
				ORGANIZATIONNAME = mac;
				TargetAttributes = {
					04019CC61D536C6B00DAD42F = {
						CreatedOnToolsVersion = 7.3.1;
					};
				};
			};
			buildConfigurationList = 04019CC21D536C6B00DAD42F /* Build configuration list for PBXProject "Server" */;
			compatibilityVersion = "Xcode 3.2";
			developmentRegion = English;
			hasScannedForEncodings = 0;
			knownRegions = (
				en,
			);
			mainGroup = 04019CBE1D536C6B00DAD42F;
			productRefGroup = 04019CC81D536C6B00DAD42F /* Products */;
			projectDirPath = "";
			projectRoot = "";
			targets = (
				04019CC61D536C6B00DAD42F /* base */,
			);
		};
/* End PBXProject section */

/* Begin PBXSourcesBuildPhase section */
		04019CC31D536C6B00DAD42F /* Sources */ = {
			isa = PBXSourcesBuildPhase;
			buildActionMask = 2147483647;
			files = (
				04019CE81D536F0500DAD42F /* Base64.cpp in Sources */,
				04019CE31D536E0800DAD42F /* base.cpp in Sources */,
			);
			runOnlyForDeploymentPostprocessing = 0;
		};
/* End PBXSourcesBuildPhase section */

/* Begin XCBuildConfiguration section */
		04019CD01D536C6B00DAD42F /* Debug */ = {
			isa = XCBuildConfiguration;
			buildSettings = {
				ALWAYS_SEARCH_USER_PATHS = NO;
				CLANG_ANALYZER_NONNULL = YES;
				CLANG_CXX_LANGUAGE_STANDARD = "gnu++0x";
				CLANG_CXX_LIBRARY = "libc++";
				CLANG_ENABLE_MODULES = YES;
				CLANG_ENABLE_OBJC_ARC = YES;
				CLANG_WARN_BOOL_CONVERSION = YES;
				CLANG_WARN_CONSTANT_CONVERSION = YES;
				CLANG_WARN_DIRECT_OBJC_ISA_USAGE = YES_ERROR;
				CLANG_WARN_EMPTY_BODY = YES;
				CLANG_WARN_ENUM_CONVERSION = YES;
				CLANG_WARN_INT_CONVERSION = YES;
				CLANG_WARN_OBJC_ROOT_CLASS = YES_ERROR;
				CLANG_WARN_UNREACHABLE_CODE = YES;
				CLANG_WARN__DUPLICATE_METHOD_MATCH = YES;
				CODE_SIGN_IDENTITY = "-";
				COPY_PHASE_STRIP = NO;
				DEBUG_INFORMATION_FORMAT = dwarf;
				ENABLE_STRICT_OBJC_MSGSEND = YES;
				ENABLE_TESTABILITY = YES;
				GCC_C_LANGUAGE_STANDARD = gnu99;
				GCC_DYNAMIC_NO_PIC = NO;
				GCC_NO_COMMON_BLOCKS = YES;
				GCC_OPTIMIZATION_LEVEL = 0;
				GCC_PREPROCESSOR_DEFINITIONS = (
					"DEBUG=1",
					"$(inherited)",
				);
				GCC_WARN_64_TO_32_BIT_CONVERSION = YES;
				GCC_WARN_ABOUT_RETURN_TYPE = YES_ERROR;
				GCC_WARN_UNDECLARED_SELECTOR = YES;
				GCC_WARN_UNINITIALIZED_AUTOS = YES_AGGRESSIVE;
				GCC_WARN_UNUSED_FUNCTION = YES;
				GCC_WARN_UNUSED_VARIABLE = YES;
				MACOSX_DEPLOYMENT_TARGET = 10.11;
				MTL_ENABLE_DEBUG_INFO = YES;
				ONLY_ACTIVE_ARCH = YES;
				SDKROOT = macosx;
			};
			name = Debug;
		};
		04019CD11D536C6B00DAD42F /* Release */ = {
			isa = XCBuildConfiguration;
			buildSettings = {
				ALWAYS_SEARCH_USER_PATHS = NO;
				CLANG_ANALYZER_NONNULL = YES;
				CLANG_CXX_LANGUAGE_STANDARD = "gnu++0x";
				CLANG_CXX_LIBRARY = "libc++";
				CLANG_ENABLE_MODULES = YES;
				CLANG_ENABLE_OBJC_ARC = YES;
				CLANG_WARN_BOOL_CONVERSION = YES;
				CLANG_WARN_CONSTANT_CONVERSION = YES;
				CLANG_WARN_DIRECT_OBJC_ISA_USAGE = YES_ERROR;
				CLANG_WARN_EMPTY_BODY = YES;
				CLANG_WARN_ENUM_CONVERSION = YES;
				CLANG_WARN_INT_CONVERSION = YES;
				CLANG_WARN_OBJC_ROOT_CLASS = YES_ERROR;
				CLANG_WARN_UNREACHABLE_CODE = YES;
				CLANG_WARN__DUPLICATE_METHOD_MATCH = YES;
				CODE_SIGN_IDENTITY = "-";
				COPY_PHASE_STRIP = NO;
				DEBUG_INFORMATION_FORMAT = "dwarf-with-dsym";
				ENABLE_NS_ASSERTIONS = NO;
				ENABLE_STRICT_OBJC_MSGSEND = YES;
				GCC_C_LANGUAGE_STANDARD = gnu99;
				GCC_NO_COMMON_BLOCKS = YES;
				GCC_WARN_64_TO_32_BIT_CONVERSION = YES;
				GCC_WARN_ABOUT_RETURN_TYPE = YES_ERROR;
				GCC_WARN_UNDECLARED_SELECTOR = YES;
				GCC_WARN_UNINITIALIZED_AUTOS = YES_AGGRESSIVE;
				GCC_WARN_UNUSED_FUNCTION = YES;
				GCC_WARN_UNUSED_VARIABLE = YES;
				MACOSX_DEPLOYMENT_TARGET = 10.11;
				MTL_ENABLE_DEBUG_INFO = NO;
				SDKROOT = macosx;
			};
			name = Release;
		};
		04019CD31D536C6B00DAD42F /* Debug */ = {
			isa = XCBuildConfiguration;
			buildSettings = {
				EXECUTABLE_PREFIX = lib;
				GCC_ENABLE_CPP_EXCEPTIONS = YES;
				GCC_ENABLE_CPP_RTTI = YES;
				PRODUCT_NAME = "$(TARGET_NAME)";
			};
			name = Debug;
		};
		04019CD41D536C6B00DAD42F /* Release */ = {
			isa = XCBuildConfiguration;
			buildSettings = {
				EXECUTABLE_PREFIX = lib;
				GCC_ENABLE_CPP_EXCEPTIONS = YES;
				GCC_ENABLE_CPP_RTTI = YES;
				PRODUCT_NAME = "$(TARGET_NAME)";
			};
			name = Release;
		};
/* End XCBuildConfiguration section */

/* Begin XCConfigurationList section */
		04019CC21D536C6B00DAD42F /* Build configuration list for PBXProject "Server" */ = {
			isa = XCConfigurationList;
			buildConfigurations = (
				04019CD01D536C6B00DAD42F /* Debug */,
				04019CD11D536C6B00DAD42F /* Release */,
			);
			defaultConfigurationIsVisible = 0;
			defaultConfigurationName = Release;
		};
		04019CD21D536C6B00DAD42F /* Build configuration list for PBXNativeTarget "base" */ = {
			isa = XCConfigurationList;
			buildConfigurations = (
				04019CD31D536C6B00DAD42F /* Debug */,
				04019CD41D536C6B00DAD42F /* Release */,
			);
			defaultConfigurationIsVisible = 0;
			defaultConfigurationName = Release;
		};
/* End XCConfigurationList section */
	};
	rootObject = 04019CBF1D536C6B00DAD42F /* Project object */;
}
